id: paragraph__collapsible_block
label: 'Collapsible Block Paragraph'
migration_group: nzp_paragraphs
migration_tags:
  - Paragraphs
dependencies:
  enforced:
    module:
      - nzp_paragraphs
source:
  plugin: d7_paragraphs_item
  bundle: collapsible_block
process:
  id: item_id
  field_collapsible_block_title: field_title
  field_teaser: field_teaser
  field_collapsible_block_content: field_text
destination:
  plugin: 'entity_reference_revisions:paragraph'
  default_bundle: collapsible_block

migration_dependencies:
  required: {  }
  optional: {  }


  
